
Microsoft Visual Studio Solution File, Format Version 12.00
Project("{FAE04EC0-301F-11D3-BF4B-00C04F79EFBC}") = "BatRunner", "BatRunner\BatRunner.csproj", "{650490BA-3C47-4008-A8BA-1B2E8C38E8D7}"
EndProject
Project("{FAE04EC0-301F-11D3-BF4B-00C04F79EFBC}") = "Tester", "Tester\Tester.csproj", "{83E0372C-B877-41C4-AD0B-5C3832600F5B}"
EndProject
Global
	GlobalSection(SolutionConfigurationPlatforms) = preSolution
		Debug|Any CPU = Debug|Any CPU
		Release|Any CPU = Release|Any CPU
	EndGlobalSection
	GlobalSection(ProjectConfigurationPlatforms) = postSolution
		{650490BA-3C47-4008-A8BA-1B2E8C38E8D7}.Debug|Any CPU.ActiveCfg = Debug|Any CPU
		{650490BA-3C47-4008-A8BA-1B2E8C38E8D7}.Debug|Any CPU.Build.0 = Debug|Any CPU
		{650490BA-3C47-4008-A8BA-1B2E8C38E8D7}.Release|Any CPU.ActiveCfg = Release|Any CPU
		{650490BA-3C47-4008-A8BA-1B2E8C38E8D7}.Release|Any CPU.Build.0 = Release|Any CPU
		{83E0372C-B877-41C4-AD0B-5C3832600F5B}.Debug|Any CPU.ActiveCfg = Debug|Any CPU
		{83E0372C-B877-41C4-AD0B-5C3832600F5B}.Debug|Any CPU.Build.0 = Debug|Any CPU
		{83E0372C-B877-41C4-AD0B-5C3832600F5B}.Release|Any CPU.ActiveCfg = Release|Any CPU
		{83E0372C-B877-41C4-AD0B-5C3832600F5B}.Release|Any CPU.Build.0 = Release|Any CPU
	EndGlobalSection
EndGlobal
